
Microsoft Visual Studio Solution File, Format Version 12.00
# Visual Studio Version 17
VisualStudioVersion = 17.14.36705.20 d17.14
MinimumVisualStudioVersion = 10.0.40219.1
Project("{FAE04EC0-301F-11D3-BF4B-00C04F79EFBC}") = "MessageContracts", "MessageContracts\MessageContracts.csproj", "{B54A2059-4588-46FB-B136-3C9CAB089C05}"
EndProject
Global
	GlobalSection(SolutionConfigurationPlatforms) = preSolution
		Debug|Any CPU = Debug|Any CPU
		Release|Any CPU = Release|Any CPU
	EndGlobalSection
	GlobalSection(ProjectConfigurationPlatforms) = postSolution
		{B54A2059-4588-46FB-B136-3C9CAB089C05}.Debug|Any CPU.ActiveCfg = Debug|Any CPU
		{B54A2059-4588-46FB-B136-3C9CAB089C05}.Debug|Any CPU.Build.0 = Debug|Any CPU
		{B54A2059-4588-46FB-B136-3C9CAB089C05}.Release|Any CPU.ActiveCfg = Release|Any CPU
		{B54A2059-4588-46FB-B136-3C9CAB089C05}.Release|Any CPU.Build.0 = Release|Any CPU
	EndGlobalSection
	GlobalSection(SolutionProperties) = preSolution
		HideSolutionNode = FALSE
	EndGlobalSection
	GlobalSection(ExtensibilityGlobals) = postSolution
		SolutionGuid = {80F85D97-BE75-4CF5-9470-48673BBCCB67}
	EndGlobalSection
EndGlobal
